Microsoft Visual Studio Solution File, Format Version 12.00
# Visual Studio Version 17
VisualStudioVersion = 17.5.2.0
MinimumVisualStudioVersion = 10.0.40219.1
Project("{FAE04EC0-301F-11D3-BF4B-00C04F79EFBC}") = "DemoMvc112", "DemoMvc112\DemoMvc112.csproj", "{C5BA6B8D-5EC9-61E5-812A-C068CB14B058}"
EndProject
Global
	GlobalSection(SolutionConfigurationPlatforms) = preSolution
		Debug|Any CPU = Debug|Any CPU
		Release|Any CPU = Release|Any CPU
	EndGlobalSection
	GlobalSection(ProjectConfigurationPlatforms) = postSolution
		{C5BA6B8D-5EC9-61E5-812A-C068CB14B058}.Debug|Any CPU.ActiveCfg = Debug|Any CPU
		{C5BA6B8D-5EC9-61E5-812A-C068CB14B058}.Debug|Any CPU.Build.0 = Debug|Any CPU
		{C5BA6B8D-5EC9-61E5-812A-C068CB14B058}.Release|Any CPU.ActiveCfg = Release|Any CPU
		{C5BA6B8D-5EC9-61E5-812A-C068CB14B058}.Release|Any CPU.Build.0 = Release|Any CPU
	EndGlobalSection
	GlobalSection(SolutionProperties) = preSolution
		HideSolutionNode = FALSE
	EndGlobalSection
	GlobalSection(ExtensibilityGlobals) = postSolution
		SolutionGuid = {D5539799-7FB5-4B6A-92AD-00DE3F5B37AE}
	EndGlobalSection
EndGlobal
